
Microsoft Visual Studio Solution File, Format Version 12.00
# Visual Studio Version 17
VisualStudioVersion = 17.8.34227.203
MinimumVisualStudioVersion = 10.0.40219.1
Project("{9A19103F-16F7-4668-BE54-9A1E7A4F7556}") = "Test2_Entity_MVVM_DB", "Test2\Test2_Entity_MVVM_DB.csproj", "{B1312CA6-C916-46B4-8C6C-F0E4A88A2F48}"
EndProject
Global
	GlobalSection(SolutionConfigurationPlatforms) = preSolution
		Debug|Any CPU = Debug|Any CPU
		Release|Any CPU = Release|Any CPU
	EndGlobalSection
	GlobalSection(ProjectConfigurationPlatforms) = postSolution
		{B1312CA6-C916-46B4-8C6C-F0E4A88A2F48}.Debug|Any CPU.ActiveCfg = Debug|Any CPU
		{B1312CA6-C916-46B4-8C6C-F0E4A88A2F48}.Debug|Any CPU.Build.0 = Debug|Any CPU
		{B1312CA6-C916-46B4-8C6C-F0E4A88A2F48}.Release|Any CPU.ActiveCfg = Release|Any CPU
		{B1312CA6-C916-46B4-8C6C-F0E4A88A2F48}.Release|Any CPU.Build.0 = Release|Any CPU
	EndGlobalSection
	GlobalSection(SolutionProperties) = preSolution
		HideSolutionNode = FALSE
	EndGlobalSection
	GlobalSection(ExtensibilityGlobals) = postSolution
		SolutionGuid = {67AC20FE-9ADC-4916-8058-F218C55BB058}
	EndGlobalSection
EndGlobal
